// !$*UTF8*$!
{
	archiveVersion = 1;
	classes = {
	};
	objectVersion = 46;
	objects = {

/* Begin PBXBuildFile section */
		1807AA8918994403003F9E3A /* UIKit.framework in Frameworks */ = {isa = PBXBuildFile; fileRef = 1807AA8818994403003F9E3A /* UIKit.framework */; };
		1807AA8B18994403003F9E3A /* Foundation.framework in Frameworks */ = {isa = PBXBuildFile; fileRef = 1807AA8A18994403003F9E3A /* Foundation.framework */; };
		1807AA8D18994403003F9E3A /* CoreGraphics.framework in Frameworks */ = {isa = PBXBuildFile; fileRef = 1807AA8C18994403003F9E3A /* CoreGraphics.framework */; };
		1807AA9318994403003F9E3A /* InfoPlist.strings in Resources */ = {isa = PBXBuildFile; fileRef = 1807AA9118994403003F9E3A /* InfoPlist.strings */; };
		1807AA9518994403003F9E3A /* main.m in Sources */ = {isa = PBXBuildFile; fileRef = 1807AA9418994403003F9E3A /* main.m */; };
		1807AA9918994403003F9E3A /* ADAppDelegate.m in Sources */ = {isa = PBXBuildFile; fileRef = 1807AA9818994403003F9E3A /* ADAppDelegate.m */; };
		1807AA9B18994403003F9E3A /* Default.png in Resources */ = {isa = PBXBuildFile; fileRef = 1807AA9A18994403003F9E3A /* Default.png */; };
		1807AA9D18994403003F9E3A /* Default@2x.png in Resources */ = {isa = PBXBuildFile; fileRef = 1807AA9C18994403003F9E3A /* Default@2x.png */; };
		1807AA9F18994403003F9E3A /* Default-568h@2x.png in Resources */ = {isa = PBXBuildFile; fileRef = 1807AA9E18994403003F9E3A /* Default-568h@2x.png */; };
		1807AAA218994403003F9E3A /* ADFirstViewController.m in Sources */ = {isa = PBXBuildFile; fileRef = 1807AAA118994403003F9E3A /* ADFirstViewController.m */; };
		1807AAA418994403003F9E3A /* first.png in Resources */ = {isa = PBXBuildFile; fileRef = 1807AAA318994403003F9E3A /* first.png */; };
		1807AAA618994403003F9E3A /* first@2x.png in Resources */ = {isa = PBXBuildFile; fileRef = 1807AAA518994403003F9E3A /* first@2x.png */; };
		1807AAA918994403003F9E3A /* ADSecondViewController.m in Sources */ = {isa = PBXBuildFile; fileRef = 1807AAA818994403003F9E3A /* ADSecondViewController.m */; };
		1807AAAB18994403003F9E3A /* second.png in Resources */ = {isa = PBXBuildFile; fileRef = 1807AAAA18994403003F9E3A /* second.png */; };
		1807AAAD18994403003F9E3A /* second@2x.png in Resources */ = {isa = PBXBuildFile; fileRef = 1807AAAC18994403003F9E3A /* second@2x.png */; };
		1807AAB018994403003F9E3A /* ADFirstViewController.xib in Resources */ = {isa = PBXBuildFile; fileRef = 1807AAAE18994403003F9E3A /* ADFirstViewController.xib */; };
		1807AAB318994403003F9E3A /* ADSecondViewController.xib in Resources */ = {isa = PBXBuildFile; fileRef = 1807AAB118994403003F9E3A /* ADSecondViewController.xib */; };
/* End PBXBuildFile section */

/* Begin PBXFileReference section */
		1807AA8518994403003F9E3A /* xib.app */ = {isa = PBXFileReference; explicitFileType = wrapper.application; includeInIndex = 0; path = xib.app; sourceTree = BUILT_PRODUCTS_DIR; };
		1807AA8818994403003F9E3A /* UIKit.framework */ = {isa = PBXFileReference; lastKnownFileType = wrapper.framework; name = UIKit.framework; path = System/Library/Frameworks/UIKit.framework; sourceTree = SDKROOT; };
		1807AA8A18994403003F9E3A /* Foundation.framework */ = {isa = PBXFileReference; lastKnownFileType = wrapper.framework; name = Foundation.framework; path = System/Library/Frameworks/Foundation.framework; sourceTree = SDKROOT; };
		1807AA8C18994403003F9E3A /* CoreGraphics.framework */ = {isa = PBXFileReference; lastKnownFileType = wrapper.framework; name = CoreGraphics.framework; path = System/Library/Frameworks/CoreGraphics.framework; sourceTree = SDKROOT; };
		1807AA9018994403003F9E3A /* xib-Info.plist */ = {isa = PBXFileReference; lastKnownFileType = text.plist.xml; path = "xib-Info.plist"; sourceTree = "<group>"; };
		1807AA9218994403003F9E3A /* en */ = {isa = PBXFileReference; lastKnownFileType = text.plist.strings; name = en; path = en.lproj/InfoPlist.strings; sourceTree = "<group>"; };
		1807AA9418994403003F9E3A /* main.m */ = {isa = PBXFileReference; lastKnownFileType = sourcecode.c.objc; path = main.m; sourceTree = "<group>"; };
		1807AA9618994403003F9E3A /* xib-Prefix.pch */ = {isa = PBXFileReference; lastKnownFileType = sourcecode.c.h; path = "xib-Prefix.pch"; sourceTree = "<group>"; };
		1807AA9718994403003F9E3A /* ADAppDelegate.h */ = {isa = PBXFileReference; lastKnownFileType = sourcecode.c.h; path = ADAppDelegate.h; sourceTree = "<group>"; };
		1807AA9818994403003F9E3A /* ADAppDelegate.m */ = {isa = PBXFileReference; lastKnownFileType = sourcecode.c.objc; path = ADAppDelegate.m; sourceTree = "<group>"; };
		1807AA9A18994403003F9E3A /* Default.png */ = {isa = PBXFileReference; lastKnownFileType = image.png; path = Default.png; sourceTree = "<group>"; };
		1807AA9C18994403003F9E3A /* Default@2x.png */ = {isa = PBXFileReference; lastKnownFileType = image.png; path = "Default@2x.png"; sourceTree = "<group>"; };
		1807AA9E18994403003F9E3A /* Default-568h@2x.png */ = {isa = PBXFileReference; lastKnownFileType = image.png; path = "Default-568h@2x.png"; sourceTree = "<group>"; };
		1807AAA018994403003F9E3A /* ADFirstViewController.h */ = {isa = PBXFileReference; lastKnownFileType = sourcecode.c.h; path = ADFirstViewController.h; sourceTree = "<group>"; };
		1807AAA118994403003F9E3A /* ADFirstViewController.m */ = {isa = PBXFileReference; lastKnownFileType = sourcecode.c.objc; path = ADFirstViewController.m; sourceTree = "<group>"; };
		1807AAA318994403003F9E3A /* first.png */ = {isa = PBXFileReference; lastKnownFileType = image.png; path = first.png; sourceTree = "<group>"; };
		1807AAA518994403003F9E3A /* first@2x.png */ = {isa = PBXFileReference; lastKnownFileType = image.png; path = "first@2x.png"; sourceTree = "<group>"; };
		1807AAA718994403003F9E3A /* ADSecondViewController.h */ = {isa = PBXFileReference; lastKnownFileType = sourcecode.c.h; path = ADSecondViewController.h; sourceTree = "<group>"; };
		1807AAA818994403003F9E3A /* ADSecondViewController.m */ = {isa = PBXFileReference; lastKnownFileType = sourcecode.c.objc; path = ADSecondViewController.m; sourceTree = "<group>"; };
		1807AAAA18994403003F9E3A /* second.png */ = {isa = PBXFileReference; lastKnownFileType = image.png; path = second.png; sourceTree = "<group>"; };
		1807AAAC18994403003F9E3A /* second@2x.png */ = {isa = PBXFileReference; lastKnownFileType = image.png; path = "second@2x.png"; sourceTree = "<group>"; };
		1807AAAF18994403003F9E3A /* en */ = {isa = PBXFileReference; lastKnownFileType = file.xib; name = en; path = en.lproj/ADFirstViewController.xib; sourceTree = "<group>"; };
		1807AAB218994403003F9E3A /* en */ = {isa = PBXFileReference; lastKnownFileType = file.xib; name = en; path = en.lproj/ADSecondViewController.xib; sourceTree = "<group>"; };
/* End PBXFileReference section */

/* Begin PBXFrameworksBuildPhase section */
		1807AA8218994403003F9E3A /* Frameworks */ = {
			isa = PBXFrameworksBuildPhase;
			buildActionMask = 2147483647;
			files = (
				1807AA8918994403003F9E3A /* UIKit.framework in Frameworks */,
				1807AA8B18994403003F9E3A /* Foundation.framework in Frameworks */,
				1807AA8D18994403003F9E3A /* CoreGraphics.framework in Frameworks */,
			);
			runOnlyForDeploymentPostprocessing = 0;
		};
/* End PBXFrameworksBuildPhase section */

/* Begin PBXGroup section */
		1807AA7C18994402003F9E3A = {
			isa = PBXGroup;
			children = (
				1807AA8E18994403003F9E3A /* xib */,
				1807AA8718994403003F9E3A /* Frameworks */,
				1807AA8618994403003F9E3A /* Products */,
			);
			sourceTree = "<group>";
		};
		1807AA8618994403003F9E3A /* Products */ = {
			isa = PBXGroup;
			children = (
				1807AA8518994403003F9E3A /* xib.app */,
			);
			name = Products;
			sourceTree = "<group>";
		};
		1807AA8718994403003F9E3A /* Frameworks */ = {
			isa = PBXGroup;
			children = (
				1807AA8818994403003F9E3A /* UIKit.framework */,
				1807AA8A18994403003F9E3A /* Foundation.framework */,
				1807AA8C18994403003F9E3A /* CoreGraphics.framework */,
			);
			name = Frameworks;
			sourceTree = "<group>";
		};
		1807AA8E18994403003F9E3A /* xib */ = {
			isa = PBXGroup;
			children = (
				1807AA9718994403003F9E3A /* ADAppDelegate.h */,
				1807AA9818994403003F9E3A /* ADAppDelegate.m */,
				1807AAA018994403003F9E3A /* ADFirstViewController.h */,
				1807AAA118994403003F9E3A /* ADFirstViewController.m */,
				1807AAA318994403003F9E3A /* first.png */,
				1807AAA518994403003F9E3A /* first@2x.png */,
				1807AAA718994403003F9E3A /* ADSecondViewController.h */,
				1807AAA818994403003F9E3A /* ADSecondViewController.m */,
				1807AAAA18994403003F9E3A /* second.png */,
				1807AAAC18994403003F9E3A /* second@2x.png */,
				1807AAAE18994403003F9E3A /* ADFirstViewController.xib */,
				1807AAB118994403003F9E3A /* ADSecondViewController.xib */,
				1807AA8F18994403003F9E3A /* Supporting Files */,
			);
			path = xib;
			sourceTree = "<group>";
		};
		1807AA8F18994403003F9E3A /* Supporting Files */ = {
			isa = PBXGroup;
			children = (
				1807AA9018994403003F9E3A /* xib-Info.plist */,
				1807AA9118994403003F9E3A /* InfoPlist.strings */,
				1807AA9418994403003F9E3A /* main.m */,
				1807AA9618994403003F9E3A /* xib-Prefix.pch */,
				1807AA9A18994403003F9E3A /* Default.png */,
				1807AA9C18994403003F9E3A /* Default@2x.png */,
				1807AA9E18994403003F9E3A /* Default-568h@2x.png */,
			);
			name = "Supporting Files";
			sourceTree = "<group>";
		};
/* End PBXGroup section */

/* Begin PBXNativeTarget section */
		1807AA8418994403003F9E3A /* xib */ = {
			isa = PBXNativeTarget;
			buildConfigurationList = 1807AAB618994403003F9E3A /* Build configuration list for PBXNativeTarget "xib" */;
			buildPhases = (
				1807AA8118994403003F9E3A /* Sources */,
				1807AA8218994403003F9E3A /* Frameworks */,
				1807AA8318994403003F9E3A /* Resources */,
			);
			buildRules = (
			);
			dependencies = (
			);
			name = xib;
			productName = xib;
			productReference = 1807AA8518994403003F9E3A /* xib.app */;
			productType = "com.apple.product-type.application";
		};
/* End PBXNativeTarget section */

/* Begin PBXProject section */
		1807AA7D18994402003F9E3A /* Project object */ = {
			isa = PBXProject;
			attributes = {
				CLASSPREFIX = AD;
				LastUpgradeCheck = 0460;
				ORGANIZATIONNAME = Apple;
			};
			buildConfigurationList = 1807AA8018994402003F9E3A /* Build configuration list for PBXProject "xib" */;
			compatibilityVersion = "Xcode 3.2";
			developmentRegion = English;
			hasScannedForEncodings = 0;
			knownRegions = (
				en,
			);
			mainGroup = 1807AA7C18994402003F9E3A;
			productRefGroup = 1807AA8618994403003F9E3A /* Products */;
			projectDirPath = "";
			projectRoot = "";
			targets = (
				1807AA8418994403003F9E3A /* xib */,
			);
		};
/* End PBXProject section */

/* Begin PBXResourcesBuildPhase section */
		1807AA8318994403003F9E3A /* Resources */ = {
			isa = PBXResourcesBuildPhase;
			buildActionMask = 2147483647;
			files = (
				1807AA9318994403003F9E3A /* InfoPlist.strings in Resources */,
				1807AA9B18994403003F9E3A /* Default.png in Resources */,
				1807AA9D18994403003F9E3A /* Default@2x.png in Resources */,
				1807AA9F18994403003F9E3A /* Default-568h@2x.png in Resources */,
				1807AAA418994403003F9E3A /* first.png in Resources */,
				1807AAA618994403003F9E3A /* first@2x.png in Resources */,
				1807AAAB18994403003F9E3A /* second.png in Resources */,
				1807AAAD18994403003F9E3A /* second@2x.png in Resources */,
				1807AAB018994403003F9E3A /* ADFirstViewController.xib in Resources */,
				1807AAB318994403003F9E3A /* ADSecondViewController.xib in Resources */,
			);
			runOnlyForDeploymentPostprocessing = 0;
		};
/* End PBXResourcesBuildPhase section */

/* Begin PBXSourcesBuildPhase section */
		1807AA8118994403003F9E3A /* Sources */ = {
			isa = PBXSourcesBuildPhase;
			buildActionMask = 2147483647;
			files = (
				1807AA9518994403003F9E3A /* main.m in Sources */,
				1807AA9918994403003F9E3A /* ADAppDelegate.m in Sources */,
				1807AAA218994403003F9E3A /* ADFirstViewController.m in Sources */,
				1807AAA918994403003F9E3A /* ADSecondViewController.m in Sources */,
			);
			runOnlyForDeploymentPostprocessing = 0;
		};
/* End PBXSourcesBuildPhase section */

/* Begin PBXVariantGroup section */
		1807AA9118994403003F9E3A /* InfoPlist.strings */ = {
			isa = PBXVariantGroup;
			children = (
				1807AA9218994403003F9E3A /* en */,
			);
			name = InfoPlist.strings;
			sourceTree = "<group>";
		};
		1807AAAE18994403003F9E3A /* ADFirstViewController.xib */ = {
			isa = PBXVariantGroup;
			children = (
				1807AAAF18994403003F9E3A /* en */,
			);
			name = ADFirstViewController.xib;
			sourceTree = "<group>";
		};
		1807AAB118994403003F9E3A /* ADSecondViewController.xib */ = {
			isa = PBXVariantGroup;
			children = (
				1807AAB218994403003F9E3A /* en */,
			);
			name = ADSecondViewController.xib;
			sourceTree = "<group>";
		};
/* End PBXVariantGroup section */

/* Begin XCBuildConfiguration section */
		1807AAB418994403003F9E3A /* Debug */ = {
			isa = XCBuildConfiguration;
			buildSettings = {
				ALWAYS_SEARCH_USER_PATHS = NO;
				CLANG_CXX_LANGUAGE_STANDARD = "gnu++0x";
				CLANG_CXX_LIBRARY = "libc++";
				CLANG_WARN_CONSTANT_CONVERSION = YES;
				CLANG_WARN_EMPTY_BODY = YES;
				CLANG_WARN_ENUM_CONVERSION = YES;
				CLANG_WARN_INT_CONVERSION = YES;
				CLANG_WARN__DUPLICATE_METHOD_MATCH = YES;
				"CODE_SIGN_IDENTITY[sdk=iphoneos*]" = "iPhone Developer";
				COPY_PHASE_STRIP = NO;
				GCC_C_LANGUAGE_STANDARD = gnu99;
				GCC_DYNAMIC_NO_PIC = NO;
				GCC_OPTIMIZATION_LEVEL = 0;
				GCC_PREPROCESSOR_DEFINITIONS = (
					"DEBUG=1",
					"$(inherited)",
				);
				GCC_SYMBOLS_PRIVATE_EXTERN = NO;
				GCC_WARN_ABOUT_RETURN_TYPE = YES;
				GCC_WARN_UNINITIALIZED_AUTOS = YES;
				GCC_WARN_UNUSED_VARIABLE = YES;
				IPHONEOS_DEPLOYMENT_TARGET = 6.1;
				ONLY_ACTIVE_ARCH = YES;
				SDKROOT = iphoneos;
			};
			name = Debug;
		};
		1807AAB518994403003F9E3A /* Release */ = {
			isa = XCBuildConfiguration;
			buildSettings = {
				ALWAYS_SEARCH_USER_PATHS = NO;
				CLANG_CXX_LANGUAGE_STANDARD = "gnu++0x";
				CLANG_CXX_LIBRARY = "libc++";
				CLANG_WARN_CONSTANT_CONVERSION = YES;
				CLANG_WARN_EMPTY_BODY = YES;
				CLANG_WARN_ENUM_CONVERSION = YES;
				CLANG_WARN_INT_CONVERSION = YES;
				CLANG_WARN__DUPLICATE_METHOD_MATCH = YES;
				"CODE_SIGN_IDENTITY[sdk=iphoneos*]" = "iPhone Developer";
				COPY_PHASE_STRIP = YES;
				GCC_C_LANGUAGE_STANDARD = gnu99;
				GCC_WARN_ABOUT_RETURN_TYPE = YES;
				GCC_WARN_UNINITIALIZED_AUTOS = YES;
				GCC_WARN_UNUSED_VARIABLE = YES;
				IPHONEOS_DEPLOYMENT_TARGET = 6.1;
				OTHER_CFLAGS = "-DNS_BLOCK_ASSERTIONS=1";
				SDKROOT = iphoneos;
				VALIDATE_PRODUCT = YES;
			};
			name = Release;
		};
		1807AAB718994403003F9E3A /* Debug */ = {
			isa = XCBuildConfiguration;
			buildSettings = {
				GCC_PRECOMPILE_PREFIX_HEADER = YES;
				GCC_PREFIX_HEADER = "xib/xib-Prefix.pch";
				INFOPLIST_FILE = "xib/xib-Info.plist";
				PRODUCT_NAME = "$(TARGET_NAME)";
				WRAPPER_EXTENSION = app;
			};
			name = Debug;
		};
		1807AAB818994403003F9E3A /* Release */ = {
			isa = XCBuildConfiguration;
			buildSettings = {
				GCC_PRECOMPILE_PREFIX_HEADER = YES;
				GCC_PREFIX_HEADER = "xib/xib-Prefix.pch";
				INFOPLIST_FILE = "xib/xib-Info.plist";
				PRODUCT_NAME = "$(TARGET_NAME)";
				WRAPPER_EXTENSION = app;
			};
			name = Release;
		};
/* End XCBuildConfiguration section */

/* Begin XCConfigurationList section */
		1807AA8018994402003F9E3A /* Build configuration list for PBXProject "xib" */ = {
			isa = XCConfigurationList;
			buildConfigurations = (
				1807AAB418994403003F9E3A /* Debug */,
				1807AAB518994403003F9E3A /* Release */,
			);
			defaultConfigurationIsVisible = 0;
			defaultConfigurationName = Release;
		};
		1807AAB618994403003F9E3A /* Build configuration list for PBXNativeTarget "xib" */ = {
			isa = XCConfigurationList;
			buildConfigurations = (
				1807AAB718994403003F9E3A /* Debug */,
				1807AAB818994403003F9E3A /* Release */,
			);
			defaultConfigurationIsVisible = 0;
		};
/* End XCConfigurationList section */
	};
	rootObject = 1807AA7D18994402003F9E3A /* Project object */;
}
